
Microsoft Visual Studio Solution File, Format Version 12.00
# Visual Studio Version 18
VisualStudioVersion = 18.1.11304.174
MinimumVisualStudioVersion = 10.0.40219.1
Project("{2150E333-8FDC-42A3-9474-1A3956D46DE8}") = "src", "src", "{827E0CD3-B72D-47B6-A68D-7590B98EB39B}"
EndProject
Project("{FAE04EC0-301F-11D3-BF4B-00C04F79EFBC}") = "Lexarbor.Host", "src\Lexarbor.Host\Lexarbor.Host.csproj", "{E3158D85-3F6C-4784-A3E9-2BC951BE4D90}"
EndProject
Project("{FAE04EC0-301F-11D3-BF4B-00C04F79EFBC}") = "Lexarbor.Database", "src\Lexarbor.Database\Lexarbor.Database.csproj", "{5F90CA68-2378-41CD-98E4-3ECAD708393E}"
EndProject
Project("{FAE04EC0-301F-11D3-BF4B-00C04F79EFBC}") = "Lexarbor.Service", "src\Lexarbor.Service\Lexarbor.Service.csproj", "{36DF6DFD-B3EF-480B-9F06-ADCFEFDFA12F}"
EndProject
Project("{FAE04EC0-301F-11D3-BF4B-00C04F79EFBC}") = "Lexarbor.Domain", "src\Lexarbor.Domain\Lexarbor.Domain.csproj", "{38328AD5-8C76-41BC-B126-77D86B0F9790}"
EndProject
Project("{2150E333-8FDC-42A3-9474-1A3956D46DE8}") = "tests", "tests", "{5475B3EE-CC04-4F78-961A-06A3DB88981D}"
EndProject
Project("{FAE04EC0-301F-11D3-BF4B-00C04F79EFBC}") = "Lexarbor.Service.Tests", "tests\Lexarbor.Service.Tests\Lexarbor.Service.Tests.csproj", "{1523C257-F7B4-4401-9FA2-A1EEFA5A313B}"
EndProject
Project("{FAE04EC0-301F-11D3-BF4B-00C04F79EFBC}") = "Lexarbor.Domain.Tests", "tests\Lexarbor.Domain.Tests\Lexarbor.Domain.Tests.csproj", "{7A3B9C1E-2D5F-4A8E-B6C7-9E0D1F2A3B4C}"
EndProject
Global
	GlobalSection(SolutionConfigurationPlatforms) = preSolution
		Debug|Any CPU = Debug|Any CPU
		Debug|x64 = Debug|x64
		Debug|x86 = Debug|x86
		Release|Any CPU = Release|Any CPU
		Release|x64 = Release|x64
		Release|x86 = Release|x86
	EndGlobalSection
	GlobalSection(ProjectConfigurationPlatforms) = postSolution
		{E3158D85-3F6C-4784-A3E9-2BC951BE4D90}.Debug|Any CPU.ActiveCfg = Debug|Any CPU
		{E3158D85-3F6C-4784-A3E9-2BC951BE4D90}.Debug|Any CPU.Build.0 = Debug|Any CPU
		{E3158D85-3F6C-4784-A3E9-2BC951BE4D90}.Debug|x64.ActiveCfg = Debug|Any CPU
		{E3158D85-3F6C-4784-A3E9-2BC951BE4D90}.Debug|x64.Build.0 = Debug|Any CPU
		{E3158D85-3F6C-4784-A3E9-2BC951BE4D90}.Debug|x86.ActiveCfg = Debug|Any CPU
		{E3158D85-3F6C-4784-A3E9-2BC951BE4D90}.Debug|x86.Build.0 = Debug|Any CPU
		{E3158D85-3F6C-4784-A3E9-2BC951BE4D90}.Release|Any CPU.ActiveCfg = Release|Any CPU
		{E3158D85-3F6C-4784-A3E9-2BC951BE4D90}.Release|Any CPU.Build.0 = Release|Any CPU
		{E3158D85-3F6C-4784-A3E9-2BC951BE4D90}.Release|x64.ActiveCfg = Release|Any CPU
		{E3158D85-3F6C-4784-A3E9-2BC951BE4D90}.Release|x64.Build.0 = Release|Any CPU
		{E3158D85-3F6C-4784-A3E9-2BC951BE4D90}.Release|x86.ActiveCfg = Release|Any CPU
		{E3158D85-3F6C-4784-A3E9-2BC951BE4D90}.Release|x86.Build.0 = Release|Any CPU
		{5F90CA68-2378-41CD-98E4-3ECAD708393E}.Debug|Any CPU.ActiveCfg = Debug|Any CPU
		{5F90CA68-2378-41CD-98E4-3ECAD708393E}.Debug|Any CPU.Build.0 = Debug|Any CPU
		{5F90CA68-2378-41CD-98E4-3ECAD708393E}.Debug|x64.ActiveCfg = Debug|Any CPU
		{5F90CA68-2378-41CD-98E4-3ECAD708393E}.Debug|x64.Build.0 = Debug|Any CPU
		{5F90CA68-2378-41CD-98E4-3ECAD708393E}.Debug|x86.ActiveCfg = Debug|Any CPU
		{5F90CA68-2378-41CD-98E4-3ECAD708393E}.Debug|x86.Build.0 = Debug|Any CPU
		{5F90CA68-2378-41CD-98E4-3ECAD708393E}.Release|Any CPU.ActiveCfg = Release|Any CPU
		{5F90CA68-2378-41CD-98E4-3ECAD708393E}.Release|Any CPU.Build.0 = Release|Any CPU
		{5F90CA68-2378-41CD-98E4-3ECAD708393E}.Release|x64.ActiveCfg = Release|Any CPU
		{5F90CA68-2378-41CD-98E4-3ECAD708393E}.Release|x64.Build.0 = Release|Any CPU
		{5F90CA68-2378-41CD-98E4-3ECAD708393E}.Release|x86.ActiveCfg = Release|Any CPU
		{5F90CA68-2378-41CD-98E4-3ECAD708393E}.Release|x86.Build.0 = Release|Any CPU
		{36DF6DFD-B3EF-480B-9F06-ADCFEFDFA12F}.Debug|Any CPU.ActiveCfg = Debug|Any CPU
		{36DF6DFD-B3EF-480B-9F06-ADCFEFDFA12F}.Debug|Any CPU.Build.0 = Debug|Any CPU
		{36DF6DFD-B3EF-480B-9F06-ADCFEFDFA12F}.Debug|x64.ActiveCfg = Debug|Any CPU
		{36DF6DFD-B3EF-480B-9F06-ADCFEFDFA12F}.Debug|x64.Build.0 = Debug|Any CPU
		{36DF6DFD-B3EF-480B-9F06-ADCFEFDFA12F}.Debug|x86.ActiveCfg = Debug|Any CPU
		{36DF6DFD-B3EF-480B-9F06-ADCFEFDFA12F}.Debug|x86.Build.0 = Debug|Any CPU
		{36DF6DFD-B3EF-480B-9F06-ADCFEFDFA12F}.Release|Any CPU.ActiveCfg = Release|Any CPU
		{36DF6DFD-B3EF-480B-9F06-ADCFEFDFA12F}.Release|Any CPU.Build.0 = Release|Any CPU
		{36DF6DFD-B3EF-480B-9F06-ADCFEFDFA12F}.Release|x64.ActiveCfg = Release|Any CPU
		{36DF6DFD-B3EF-480B-9F06-ADCFEFDFA12F}.Release|x64.Build.0 = Release|Any CPU
		{36DF6DFD-B3EF-480B-9F06-ADCFEFDFA12F}.Release|x86.ActiveCfg = Release|Any CPU
		{36DF6DFD-B3EF-480B-9F06-ADCFEFDFA12F}.Release|x86.Build.0 = Release|Any CPU
		{38328AD5-8C76-41BC-B126-77D86B0F9790}.Debug|Any CPU.ActiveCfg = Debug|Any CPU
		{38328AD5-8C76-41BC-B126-77D86B0F9790}.Debug|Any CPU.Build.0 = Debug|Any CPU
		{38328AD5-8C76-41BC-B126-77D86B0F9790}.Debug|x64.ActiveCfg = Debug|Any CPU
		{38328AD5-8C76-41BC-B126-77D86B0F9790}.Debug|x64.Build.0 = Debug|Any CPU
		{38328AD5-8C76-41BC-B126-77D86B0F9790}.Debug|x86.ActiveCfg = Debug|Any CPU
		{38328AD5-8C76-41BC-B126-77D86B0F9790}.Debug|x86.Build.0 = Debug|Any CPU
		{38328AD5-8C76-41BC-B126-77D86B0F9790}.Release|Any CPU.ActiveCfg = Release|Any CPU
		{38328AD5-8C76-41BC-B126-77D86B0F9790}.Release|Any CPU.Build.0 = Release|Any CPU
		{38328AD5-8C76-41BC-B126-77D86B0F9790}.Release|x64.ActiveCfg = Release|Any CPU
		{38328AD5-8C76-41BC-B126-77D86B0F9790}.Release|x64.Build.0 = Release|Any CPU
		{38328AD5-8C76-41BC-B126-77D86B0F9790}.Release|x86.ActiveCfg = Release|Any CPU
		{38328AD5-8C76-41BC-B126-77D86B0F9790}.Release|x86.Build.0 = Release|Any CPU
		{1523C257-F7B4-4401-9FA2-A1EEFA5A313B}.Debug|Any CPU.ActiveCfg = Debug|Any CPU
		{1523C257-F7B4-4401-9FA2-A1EEFA5A313B}.Debug|Any CPU.Build.0 = Debug|Any CPU
		{1523C257-F7B4-4401-9FA2-A1EEFA5A313B}.Debug|x64.ActiveCfg = Debug|Any CPU
		{1523C257-F7B4-4401-9FA2-A1EEFA5A313B}.Debug|x64.Build.0 = Debug|Any CPU
		{1523C257-F7B4-4401-9FA2-A1EEFA5A313B}.Debug|x86.ActiveCfg = Debug|Any CPU
		{1523C257-F7B4-4401-9FA2-A1EEFA5A313B}.Debug|x86.Build.0 = Debug|Any CPU
		{1523C257-F7B4-4401-9FA2-A1EEFA5A313B}.Release|Any CPU.ActiveCfg = Release|Any CPU
		{1523C257-F7B4-4401-9FA2-A1EEFA5A313B}.Release|Any CPU.Build.0 = Release|Any CPU
		{1523C257-F7B4-4401-9FA2-A1EEFA5A313B}.Release|x64.ActiveCfg = Release|Any CPU
		{1523C257-F7B4-4401-9FA2-A1EEFA5A313B}.Release|x64.Build.0 = Release|Any CPU
		{1523C257-F7B4-4401-9FA2-A1EEFA5A313B}.Release|x86.ActiveCfg = Release|Any CPU
		{1523C257-F7B4-4401-9FA2-A1EEFA5A313B}.Release|x86.Build.0 = Release|Any CPU
		{7A3B9C1E-2D5F-4A8E-B6C7-9E0D1F2A3B4C}.Debug|Any CPU.ActiveCfg = Debug|Any CPU
		{7A3B9C1E-2D5F-4A8E-B6C7-9E0D1F2A3B4C}.Debug|Any CPU.Build.0 = Debug|Any CPU
		{7A3B9C1E-2D5F-4A8E-B6C7-9E0D1F2A3B4C}.Debug|x64.ActiveCfg = Debug|Any CPU
		{7A3B9C1E-2D5F-4A8E-B6C7-9E0D1F2A3B4C}.Debug|x64.Build.0 = Debug|Any CPU
		{7A3B9C1E-2D5F-4A8E-B6C7-9E0D1F2A3B4C}.Debug|x86.ActiveCfg = Debug|Any CPU
		{7A3B9C1E-2D5F-4A8E-B6C7-9E0D1F2A3B4C}.Debug|x86.Build.0 = Debug|Any CPU
		{7A3B9C1E-2D5F-4A8E-B6C7-9E0D1F2A3B4C}.Release|Any CPU.ActiveCfg = Release|Any CPU
		{7A3B9C1E-2D5F-4A8E-B6C7-9E0D1F2A3B4C}.Release|Any CPU.Build.0 = Release|Any CPU
		{7A3B9C1E-2D5F-4A8E-B6C7-9E0D1F2A3B4C}.Release|x64.ActiveCfg = Release|Any CPU
		{7A3B9C1E-2D5F-4A8E-B6C7-9E0D1F2A3B4C}.Release|x64.Build.0 = Release|Any CPU
		{7A3B9C1E-2D5F-4A8E-B6C7-9E0D1F2A3B4C}.Release|x86.ActiveCfg = Release|Any CPU
		{7A3B9C1E-2D5F-4A8E-B6C7-9E0D1F2A3B4C}.Release|x86.Build.0 = Release|Any CPU
	EndGlobalSection
	GlobalSection(SolutionProperties) = preSolution
		HideSolutionNode = FALSE
	EndGlobalSection
	GlobalSection(NestedProjects) = preSolution
		{E3158D85-3F6C-4784-A3E9-2BC951BE4D90} = {827E0CD3-B72D-47B6-A68D-7590B98EB39B}
		{5F90CA68-2378-41CD-98E4-3ECAD708393E} = {827E0CD3-B72D-47B6-A68D-7590B98EB39B}
		{36DF6DFD-B3EF-480B-9F06-ADCFEFDFA12F} = {827E0CD3-B72D-47B6-A68D-7590B98EB39B}
		{38328AD5-8C76-41BC-B126-77D86B0F9790} = {827E0CD3-B72D-47B6-A68D-7590B98EB39B}
		{1523C257-F7B4-4401-9FA2-A1EEFA5A313B} = {5475B3EE-CC04-4F78-961A-06A3DB88981D}
		{7A3B9C1E-2D5F-4A8E-B6C7-9E0D1F2A3B4C} = {5475B3EE-CC04-4F78-961A-06A3DB88981D}
	EndGlobalSection
	GlobalSection(ExtensibilityGlobals) = postSolution
		SolutionGuid = {40BFCE90-C049-42EA-A90C-BC523278BEC9}
	EndGlobalSection
EndGlobal
